# This file is automatically @generated by Cargo.
# It is not intended for manual editing.
version = 4

[[package]]
name = "copy"
version = "0.1.0"

[[package]]
name = "create"
version = "0.1.0"

[[package]]
name = "delete"
version = "0.1.0"

[[package]]
name = "dir"
version = "0.1.0"

[[package]]
name = "initland"
version = "0.1.0"

[[package]]
name = "kernel"
version = "0.1.0"

[[package]]
name = "move"
version = "0.1.0"

[[package]]
name = "pwd"
version = "0.1.0"

[[package]]
name = "shell"
version = "0.1.0"
